// !$*UTF8*$!
{
	archiveVersion = 1;
	classes = {
	};
	objectVersion = 77;
	objects = {

/* Begin PBXBuildFile section */
		0E6D42360E45ECAE4DE6C05D /* PokemonListViewModelTests.swift in Sources */ = {isa = PBXBuildFile; fileRef = C09EC77F6873E63649C7CD6A /* PokemonListViewModelTests.swift */; };
		5D1B13088B68D66715487C0D /* PokemonMapperTests.swift in Sources */ = {isa = PBXBuildFile; fileRef = 3B6EEFC44851C95997EF8FF2 /* PokemonMapperTests.swift */; };
		8D1A7506709093844136B643 /* PokemonDetailViewModelTests.swift in Sources */ = {isa = PBXBuildFile; fileRef = E845F5363D34D6641C1C21DC /* PokemonDetailViewModelTests.swift */; };
		9B067D37FE58B47F4A3F29F1 /* TypeEffectivenessTests.swift in Sources */ = {isa = PBXBuildFile; fileRef = B7DAFD1E1DCC958A2876280A /* TypeEffectivenessTests.swift */; };
		F3579905B6B309E355CF2FE1 /* MockPokemonRepository.swift in Sources */ = {isa = PBXBuildFile; fileRef = B77865BE996B1CD90F41DA92 /* MockPokemonRepository.swift */; };
		F83C82869311B75CD4B3209D /* Foundation.framework in Frameworks */ = {isa = PBXBuildFile; fileRef = 13B28FD461E7024B93F035B4 /* Foundation.framework */; };
/* End PBXBuildFile section */

/* Begin PBXContainerItemProxy section */
		F0217160A5375B5C6B88784F /* PBXContainerItemProxy */ = {
			isa = PBXContainerItemProxy;
			containerPortal = 3A4057702FF5B7DB00E092E0 /* Project object */;
			proxyType = 1;
			remoteGlobalIDString = 3A4057772FF5B7DB00E092E0;
			remoteInfo = Pokedex;
		};
/* End PBXContainerItemProxy section */

/* Begin PBXFileReference section */
		13B28FD461E7024B93F035B4 /* Foundation.framework */ = {isa = PBXFileReference; lastKnownFileType = wrapper.framework; name = Foundation.framework; path = Platforms/iPhoneOS.platform/Developer/SDKs/iPhoneOS18.0.sdk/System/Library/Frameworks/Foundation.framework; sourceTree = DEVELOPER_DIR; };
		3A4057782FF5B7DB00E092E0 /* Pokedex.app */ = {isa = PBXFileReference; explicitFileType = wrapper.application; includeInIndex = 0; path = Pokedex.app; sourceTree = BUILT_PRODUCTS_DIR; };
		3B6EEFC44851C95997EF8FF2 /* PokemonMapperTests.swift */ = {isa = PBXFileReference; includeInIndex = 1; lastKnownFileType = sourcecode.swift; path = PokemonMapperTests.swift; sourceTree = "<group>"; };
		978FEB83FEE8F68030DC9E6F /* list.png */ = {isa = PBXFileReference; includeInIndex = 1; lastKnownFileType = image.png; path = list.png; sourceTree = "<group>"; };
		9A6F8F00177F77D051C8129B /* favorites.png */ = {isa = PBXFileReference; includeInIndex = 1; lastKnownFileType = image.png; path = favorites.png; sourceTree = "<group>"; };
		B77865BE996B1CD90F41DA92 /* MockPokemonRepository.swift */ = {isa = PBXFileReference; includeInIndex = 1; lastKnownFileType = sourcecode.swift; path = MockPokemonRepository.swift; sourceTree = "<group>"; };
		B7DAFD1E1DCC958A2876280A /* TypeEffectivenessTests.swift */ = {isa = PBXFileReference; includeInIndex = 1; lastKnownFileType = sourcecode.swift; path = TypeEffectivenessTests.swift; sourceTree = "<group>"; };
		C09EC77F6873E63649C7CD6A /* PokemonListViewModelTests.swift */ = {isa = PBXFileReference; includeInIndex = 1; lastKnownFileType = sourcecode.swift; path = PokemonListViewModelTests.swift; sourceTree = "<group>"; };
		CE479EE98DE0639C38975E69 /* detail.png */ = {isa = PBXFileReference; includeInIndex = 1; lastKnownFileType = image.png; path = detail.png; sourceTree = "<group>"; };
		E845F5363D34D6641C1C21DC /* PokemonDetailViewModelTests.swift */ = {isa = PBXFileReference; includeInIndex = 1; lastKnownFileType = sourcecode.swift; path = PokemonDetailViewModelTests.swift; sourceTree = "<group>"; };
		EB58C8A4B07460D2524C52CB /* PokedexTests.xctest */ = {isa = PBXFileReference; explicitFileType = wrapper.cfbundle; includeInIndex = 0; path = PokedexTests.xctest; sourceTree = BUILT_PRODUCTS_DIR; };
		F97EB9506CCDC8CC5B784B54 /* README.md */ = {isa = PBXFileReference; includeInIndex = 1; lastKnownFileType = net.daringfireball.markdown; path = README.md; sourceTree = "<group>"; };
/* End PBXFileReference section */

/* Begin PBXFileSystemSynchronizedRootGroup section */
		3A40577A2FF5B7DB00E092E0 /* Pokedex */ = {
			isa = PBXFileSystemSynchronizedRootGroup;
			path = Pokedex;
			sourceTree = "<group>";
		};
/* End PBXFileSystemSynchronizedRootGroup section */

/* Begin PBXFrameworksBuildPhase section */
		3A4057752FF5B7DB00E092E0 /* Frameworks */ = {
			isa = PBXFrameworksBuildPhase;
			buildActionMask = 2147483647;
			files = (
			);
			runOnlyForDeploymentPostprocessing = 0;
		};
		F19201F855EF1AF1B626D049 /* Frameworks */ = {
			isa = PBXFrameworksBuildPhase;
			buildActionMask = 2147483647;
			files = (
				F83C82869311B75CD4B3209D /* Foundation.framework in Frameworks */,
			);
			runOnlyForDeploymentPostprocessing = 0;
		};
/* End PBXFrameworksBuildPhase section */

/* Begin PBXGroup section */
		1DF9F4EADCA1A6A118AC3BD9 /* Frameworks */ = {
			isa = PBXGroup;
			children = (
				5A8C21AFA8A55480339B99CD /* iOS */,
			);
			name = Frameworks;
			sourceTree = "<group>";
		};
		305AB7759588C0CA0A01F5A2 /* PokedexTests */ = {
			isa = PBXGroup;
			children = (
				B77865BE996B1CD90F41DA92 /* MockPokemonRepository.swift */,
				E845F5363D34D6641C1C21DC /* PokemonDetailViewModelTests.swift */,
				C09EC77F6873E63649C7CD6A /* PokemonListViewModelTests.swift */,
				3B6EEFC44851C95997EF8FF2 /* PokemonMapperTests.swift */,
				B7DAFD1E1DCC958A2876280A /* TypeEffectivenessTests.swift */,
			);
			path = PokedexTests;
			sourceTree = "<group>";
		};
		3A40576F2FF5B7DB00E092E0 = {
			isa = PBXGroup;
			children = (
				3A40577A2FF5B7DB00E092E0 /* Pokedex */,
				3A4057792FF5B7DB00E092E0 /* Products */,
				1DF9F4EADCA1A6A118AC3BD9 /* Frameworks */,
				305AB7759588C0CA0A01F5A2 /* PokedexTests */,
				44F2D35F7AF0FE0363BCE746 /* docs */,
				F97EB9506CCDC8CC5B784B54 /* README.md */,
			);
			sourceTree = "<group>";
		};
		3A4057792FF5B7DB00E092E0 /* Products */ = {
			isa = PBXGroup;
			children = (
				3A4057782FF5B7DB00E092E0 /* Pokedex.app */,
				EB58C8A4B07460D2524C52CB /* PokedexTests.xctest */,
			);
			name = Products;
			sourceTree = "<group>";
		};
		44F2D35F7AF0FE0363BCE746 /* docs */ = {
			isa = PBXGroup;
			children = (
				5067EA2DC01C0C669D80C382 /* screenshots */,
			);
			path = docs;
			sourceTree = "<group>";
		};
		5067EA2DC01C0C669D80C382 /* screenshots */ = {
			isa = PBXGroup;
			children = (
				CE479EE98DE0639C38975E69 /* detail.png */,
				9A6F8F00177F77D051C8129B /* favorites.png */,
				978FEB83FEE8F68030DC9E6F /* list.png */,
			);
			path = screenshots;
			sourceTree = "<group>";
		};
		5A8C21AFA8A55480339B99CD /* iOS */ = {
			isa = PBXGroup;
			children = (
				13B28FD461E7024B93F035B4 /* Foundation.framework */,
			);
			name = iOS;
			sourceTree = "<group>";
		};
/* End PBXGroup section */

/* Begin PBXNativeTarget section */
		18809164B2988ACFFD2CE751 /* PokedexTests */ = {
			isa = PBXNativeTarget;
			buildConfigurationList = E5C982C56A0E7EE20FD3D231 /* Build configuration list for PBXNativeTarget "PokedexTests" */;
			buildPhases = (
				953977FEF48B351831D8BD4A /* Sources */,
				F19201F855EF1AF1B626D049 /* Frameworks */,
				36F5DBEF4B784AFA2955CCF0 /* Resources */,
			);
			buildRules = (
			);
			dependencies = (
				4F46BCDBE59C9FC9FD6D0D43 /* PBXTargetDependency */,
			);
			name = PokedexTests;
			productName = PokedexTests;
			productReference = EB58C8A4B07460D2524C52CB /* PokedexTests.xctest */;
			productType = "com.apple.product-type.bundle.unit-test";
		};
		3A4057772FF5B7DB00E092E0 /* Pokedex */ = {
			isa = PBXNativeTarget;
			buildConfigurationList = 3A4057832FF5B7DD00E092E0 /* Build configuration list for PBXNativeTarget "Pokedex" */;
			buildPhases = (
				3A4057742FF5B7DB00E092E0 /* Sources */,
				3A4057752FF5B7DB00E092E0 /* Frameworks */,
				3A4057762FF5B7DB00E092E0 /* Resources */,
			);
			buildRules = (
			);
			dependencies = (
			);
			fileSystemSynchronizedGroups = (
				3A40577A2FF5B7DB00E092E0 /* Pokedex */,
			);
			name = Pokedex;
			productName = Pokedex;
			productReference = 3A4057782FF5B7DB00E092E0 /* Pokedex.app */;
			productType = "com.apple.product-type.application";
		};
/* End PBXNativeTarget section */

/* Begin PBXProject section */
		3A4057702FF5B7DB00E092E0 /* Project object */ = {
			isa = PBXProject;
			attributes = {
				BuildIndependentTargetsInParallel = 1;
				LastSwiftUpdateCheck = 2650;
				LastUpgradeCheck = 2650;
				TargetAttributes = {
					3A4057772FF5B7DB00E092E0 = {
						CreatedOnToolsVersion = 26.5;
					};
				};
			};
			buildConfigurationList = 3A4057732FF5B7DB00E092E0 /* Build configuration list for PBXProject "Pokedex" */;
			developmentRegion = en;
			hasScannedForEncodings = 0;
			knownRegions = (
				en,
				Base,
			);
			mainGroup = 3A40576F2FF5B7DB00E092E0;
			minimizedProjectReferenceProxies = 1;
			preferredProjectObjectVersion = 77;
			productRefGroup = 3A4057792FF5B7DB00E092E0 /* Products */;
			projectDirPath = "";
			projectRoot = "";
			targets = (
				3A4057772FF5B7DB00E092E0 /* Pokedex */,
				18809164B2988ACFFD2CE751 /* PokedexTests */,
			);
		};
/* End PBXProject section */

/* Begin PBXResourcesBuildPhase section */
		36F5DBEF4B784AFA2955CCF0 /* Resources */ = {
			isa = PBXResourcesBuildPhase;
			buildActionMask = 2147483647;
			files = (
			);
			runOnlyForDeploymentPostprocessing = 0;
		};
		3A4057762FF5B7DB00E092E0 /* Resources */ = {
			isa = PBXResourcesBuildPhase;
			buildActionMask = 2147483647;
			files = (
			);
			runOnlyForDeploymentPostprocessing = 0;
		};
/* End PBXResourcesBuildPhase section */

/* Begin PBXSourcesBuildPhase section */
		3A4057742FF5B7DB00E092E0 /* Sources */ = {
			isa = PBXSourcesBuildPhase;
			buildActionMask = 2147483647;
			files = (
			);
			runOnlyForDeploymentPostprocessing = 0;
		};
		953977FEF48B351831D8BD4A /* Sources */ = {
			isa = PBXSourcesBuildPhase;
			buildActionMask = 2147483647;
			files = (
				F3579905B6B309E355CF2FE1 /* MockPokemonRepository.swift in Sources */,
				8D1A7506709093844136B643 /* PokemonDetailViewModelTests.swift in Sources */,
				0E6D42360E45ECAE4DE6C05D /* PokemonListViewModelTests.swift in Sources */,
				5D1B13088B68D66715487C0D /* PokemonMapperTests.swift in Sources */,
				9B067D37FE58B47F4A3F29F1 /* TypeEffectivenessTests.swift in Sources */,
			);
			runOnlyForDeploymentPostprocessing = 0;
		};
/* End PBXSourcesBuildPhase section */

/* Begin PBXTargetDependency section */
		4F46BCDBE59C9FC9FD6D0D43 /* PBXTargetDependency */ = {
			isa = PBXTargetDependency;
			name = Pokedex;
			target = 3A4057772FF5B7DB00E092E0 /* Pokedex */;
			targetProxy = F0217160A5375B5C6B88784F /* PBXContainerItemProxy */;
		};
/* End PBXTargetDependency section */

/* Begin XCBuildConfiguration section */
		36038B88ECEBB8A9C7715204 /* Debug */ = {
			isa = XCBuildConfiguration;
			buildSettings = {
				BUNDLE_LOADER = "$(TEST_HOST)";
				CLANG_ENABLE_OBJC_WEAK = NO;
				CODE_SIGN_STYLE = Automatic;
				GENERATE_INFOPLIST_FILE = YES;
				IPHONEOS_DEPLOYMENT_TARGET = 26.0;
				PRODUCT_BUNDLE_IDENTIFIER = com.adriancastanedadev.PokedexTests;
				PRODUCT_NAME = "$(TARGET_NAME)";
				SDKROOT = iphoneos;
				SWIFT_EMIT_LOC_STRINGS = NO;
				SWIFT_VERSION = 5.0;
				TARGETED_DEVICE_FAMILY = "1,2";
				TEST_HOST = "$(BUILT_PRODUCTS_DIR)/Pokedex.app/$(BUNDLE_EXECUTABLE_FOLDER_PATH)/Pokedex";
			};
			name = Debug;
		};
		3A4057812FF5B7DD00E092E0 /* Debug */ = {
			isa = XCBuildConfiguration;
			buildSettings = {
				ALWAYS_SEARCH_USER_PATHS = NO;
				ASSETCATALOG_COMPILER_GENERATE_SWIFT_ASSET_SYMBOL_EXTENSIONS = YES;
				CLANG_ANALYZER_NONNULL = YES;
				CLANG_ANALYZER_NUMBER_OBJECT_CONVERSION = YES_AGGRESSIVE;
				CLANG_CXX_LANGUAGE_STANDARD = "gnu++20";
				CLANG_ENABLE_MODULES = YES;
				CLANG_ENABLE_OBJC_ARC = YES;
				CLANG_ENABLE_OBJC_WEAK = YES;
				CLANG_WARN_BLOCK_CAPTURE_AUTORELEASING = YES;
				CLANG_WARN_BOOL_CONVERSION = YES;
				CLANG_WARN_COMMA = YES;
				CLANG_WARN_CONSTANT_CONVERSION = YES;
				CLANG_WARN_DEPRECATED_OBJC_IMPLEMENTATIONS = YES;
				CLANG_WARN_DIRECT_OBJC_ISA_USAGE = YES_ERROR;
				CLANG_WARN_DOCUMENTATION_COMMENTS = YES;
				CLANG_WARN_EMPTY_BODY = YES;
				CLANG_WARN_ENUM_CONVERSION = YES;
				CLANG_WARN_INFINITE_RECURSION = YES;
				CLANG_WARN_INT_CONVERSION = YES;
				CLANG_WARN_NON_LITERAL_NULL_CONVERSION = YES;
				CLANG_WARN_OBJC_IMPLICIT_RETAIN_SELF = YES;
				CLANG_WARN_OBJC_LITERAL_CONVERSION = YES;
				CLANG_WARN_OBJC_ROOT_CLASS = YES_ERROR;
				CLANG_WARN_QUOTED_INCLUDE_IN_FRAMEWORK_HEADER = YES;
				CLANG_WARN_RANGE_LOOP_ANALYSIS = YES;
				CLANG_WARN_STRICT_PROTOTYPES = YES;
				CLANG_WARN_SUSPICIOUS_MOVE = YES;
				CLANG_WARN_UNGUARDED_AVAILABILITY = YES_AGGRESSIVE;
				CLANG_WARN_UNREACHABLE_CODE = YES;
				CLANG_WARN__DUPLICATE_METHOD_MATCH = YES;
				COPY_PHASE_STRIP = NO;
				DEBUG_INFORMATION_FORMAT = dwarf;
				DEVELOPMENT_TEAM = FPLL427MT3;
				ENABLE_STRICT_OBJC_MSGSEND = YES;
				ENABLE_TESTABILITY = YES;
				ENABLE_USER_SCRIPT_SANDBOXING = YES;
				GCC_C_LANGUAGE_STANDARD = gnu17;
				GCC_DYNAMIC_NO_PIC = NO;
				GCC_NO_COMMON_BLOCKS = YES;
				GCC_OPTIMIZATION_LEVEL = 0;
				GCC_PREPROCESSOR_DEFINITIONS = (
					"DEBUG=1",
					"$(inherited)",
				);
				GCC_WARN_64_TO_32_BIT_CONVERSION = YES;
				GCC_WARN_ABOUT_RETURN_TYPE = YES_ERROR;
				GCC_WARN_UNDECLARED_SELECTOR = YES;
				GCC_WARN_UNINITIALIZED_AUTOS = YES_AGGRESSIVE;
				GCC_WARN_UNUSED_FUNCTION = YES;
				GCC_WARN_UNUSED_VARIABLE = YES;
				IPHONEOS_DEPLOYMENT_TARGET = 26.5;
				LOCALIZATION_PREFERS_STRING_CATALOGS = YES;
				MTL_ENABLE_DEBUG_INFO = INCLUDE_SOURCE;
				MTL_FAST_MATH = YES;
				ONLY_ACTIVE_ARCH = YES;
				SDKROOT = iphoneos;
				SWIFT_ACTIVE_COMPILATION_CONDITIONS = "DEBUG $(inherited)";
				SWIFT_OPTIMIZATION_LEVEL = "-Onone";
			};
			name = Debug;
		};
		3A4057822FF5B7DD00E092E0 /* Release */ = {
			isa = XCBuildConfiguration;
			buildSettings = {
				ALWAYS_SEARCH_USER_PATHS = NO;
				ASSETCATALOG_COMPILER_GENERATE_SWIFT_ASSET_SYMBOL_EXTENSIONS = YES;
				CLANG_ANALYZER_NONNULL = YES;
				CLANG_ANALYZER_NUMBER_OBJECT_CONVERSION = YES_AGGRESSIVE;
				CLANG_CXX_LANGUAGE_STANDARD = "gnu++20";
				CLANG_ENABLE_MODULES = YES;
				CLANG_ENABLE_OBJC_ARC = YES;
				CLANG_ENABLE_OBJC_WEAK = YES;
				CLANG_WARN_BLOCK_CAPTURE_AUTORELEASING = YES;
				CLANG_WARN_BOOL_CONVERSION = YES;
				CLANG_WARN_COMMA = YES;
				CLANG_WARN_CONSTANT_CONVERSION = YES;
				CLANG_WARN_DEPRECATED_OBJC_IMPLEMENTATIONS = YES;
				CLANG_WARN_DIRECT_OBJC_ISA_USAGE = YES_ERROR;
				CLANG_WARN_DOCUMENTATION_COMMENTS = YES;
				CLANG_WARN_EMPTY_BODY = YES;
				CLANG_WARN_ENUM_CONVERSION = YES;
				CLANG_WARN_INFINITE_RECURSION = YES;
				CLANG_WARN_INT_CONVERSION = YES;
				CLANG_WARN_NON_LITERAL_NULL_CONVERSION = YES;
				CLANG_WARN_OBJC_IMPLICIT_RETAIN_SELF = YES;
				CLANG_WARN_OBJC_LITERAL_CONVERSION = YES;
				CLANG_WARN_OBJC_ROOT_CLASS = YES_ERROR;
				CLANG_WARN_QUOTED_INCLUDE_IN_FRAMEWORK_HEADER = YES;
				CLANG_WARN_RANGE_LOOP_ANALYSIS = YES;
				CLANG_WARN_STRICT_PROTOTYPES = YES;
				CLANG_WARN_SUSPICIOUS_MOVE = YES;
				CLANG_WARN_UNGUARDED_AVAILABILITY = YES_AGGRESSIVE;
				CLANG_WARN_UNREACHABLE_CODE = YES;
				CLANG_WARN__DUPLICATE_METHOD_MATCH = YES;
				COPY_PHASE_STRIP = NO;
				DEBUG_INFORMATION_FORMAT = "dwarf-with-dsym";
				DEVELOPMENT_TEAM = FPLL427MT3;
				ENABLE_NS_ASSERTIONS = NO;
				ENABLE_STRICT_OBJC_MSGSEND = YES;
				ENABLE_USER_SCRIPT_SANDBOXING = YES;
				GCC_C_LANGUAGE_STANDARD = gnu17;
				GCC_NO_COMMON_BLOCKS = YES;
				GCC_WARN_64_TO_32_BIT_CONVERSION = YES;
				GCC_WARN_ABOUT_RETURN_TYPE = YES_ERROR;
				GCC_WARN_UNDECLARED_SELECTOR = YES;
				GCC_WARN_UNINITIALIZED_AUTOS = YES_AGGRESSIVE;
				GCC_WARN_UNUSED_FUNCTION = YES;
				GCC_WARN_UNUSED_VARIABLE = YES;
				IPHONEOS_DEPLOYMENT_TARGET = 26.5;
				LOCALIZATION_PREFERS_STRING_CATALOGS = YES;
				MTL_ENABLE_DEBUG_INFO = NO;
				MTL_FAST_MATH = YES;
				SDKROOT = iphoneos;
				SWIFT_COMPILATION_MODE = wholemodule;
				VALIDATE_PRODUCT = YES;
			};
			name = Release;
		};
		3A4057842FF5B7DD00E092E0 /* Debug */ = {
			isa = XCBuildConfiguration;
			buildSettings = {
				ASSETCATALOG_COMPILER_APPICON_NAME = Pokedex_icon;
				ASSETCATALOG_COMPILER_GLOBAL_ACCENT_COLOR_NAME = AccentColor;
				CODE_SIGN_STYLE = Automatic;
				CURRENT_PROJECT_VERSION = 1;
				DEVELOPMENT_TEAM = FPLL427MT3;
				ENABLE_PREVIEWS = YES;
				GENERATE_INFOPLIST_FILE = YES;
				INFOPLIST_KEY_UIApplicationSceneManifest_Generation = YES;
				INFOPLIST_KEY_UIApplicationSupportsIndirectInputEvents = YES;
				INFOPLIST_KEY_UILaunchScreen_Generation = YES;
				INFOPLIST_KEY_UISupportedInterfaceOrientations = UIInterfaceOrientationPortrait;
				INFOPLIST_KEY_UISupportedInterfaceOrientations_iPad = "UIInterfaceOrientationLandscapeLeft UIInterfaceOrientationLandscapeRight UIInterfaceOrientationPortrait UIInterfaceOrientationPortraitUpsideDown";
				IPHONEOS_DEPLOYMENT_TARGET = 26.0;
				LD_RUNPATH_SEARCH_PATHS = (
					"$(inherited)",
					"@executable_path/Frameworks",
				);
				MARKETING_VERSION = 1.0;
				PRODUCT_BUNDLE_IDENTIFIER = com.adriancastanedadev.Pokedex;
				PRODUCT_NAME = "$(TARGET_NAME)";
				STRING_CATALOG_GENERATE_SYMBOLS = YES;
				SUPPORTED_PLATFORMS = "iphoneos iphonesimulator";
				SUPPORTS_MACCATALYST = NO;
				SUPPORTS_MAC_DESIGNED_FOR_IPHONE_IPAD = NO;
				SUPPORTS_XR_DESIGNED_FOR_IPHONE_IPAD = NO;
				SWIFT_APPROACHABLE_CONCURRENCY = YES;
				SWIFT_DEFAULT_ACTOR_ISOLATION = MainActor;
				SWIFT_EMIT_LOC_STRINGS = YES;
				SWIFT_UPCOMING_FEATURE_MEMBER_IMPORT_VISIBILITY = YES;
				SWIFT_VERSION = 5.0;
				TARGETED_DEVICE_FAMILY = "1,2";
			};
			name = Debug;
		};
		3A4057852FF5B7DD00E092E0 /* Release */ = {
			isa = XCBuildConfiguration;
			buildSettings = {
				ASSETCATALOG_COMPILER_APPICON_NAME = Pokedex_icon;
				ASSETCATALOG_COMPILER_GLOBAL_ACCENT_COLOR_NAME = AccentColor;
				CODE_SIGN_STYLE = Automatic;
				CURRENT_PROJECT_VERSION = 1;
				DEVELOPMENT_TEAM = FPLL427MT3;
				ENABLE_PREVIEWS = YES;
				GENERATE_INFOPLIST_FILE = YES;
				INFOPLIST_KEY_UIApplicationSceneManifest_Generation = YES;
				INFOPLIST_KEY_UIApplicationSupportsIndirectInputEvents = YES;
				INFOPLIST_KEY_UILaunchScreen_Generation = YES;
				INFOPLIST_KEY_UISupportedInterfaceOrientations = UIInterfaceOrientationPortrait;
				INFOPLIST_KEY_UISupportedInterfaceOrientations_iPad = "UIInterfaceOrientationLandscapeLeft UIInterfaceOrientationLandscapeRight UIInterfaceOrientationPortrait UIInterfaceOrientationPortraitUpsideDown";
				IPHONEOS_DEPLOYMENT_TARGET = 26.0;
				LD_RUNPATH_SEARCH_PATHS = (
					"$(inherited)",
					"@executable_path/Frameworks",
				);
				MARKETING_VERSION = 1.0;
				PRODUCT_BUNDLE_IDENTIFIER = com.adriancastanedadev.Pokedex;
				PRODUCT_NAME = "$(TARGET_NAME)";
				STRING_CATALOG_GENERATE_SYMBOLS = YES;
				SUPPORTED_PLATFORMS = "iphoneos iphonesimulator";
				SUPPORTS_MACCATALYST = NO;
				SUPPORTS_MAC_DESIGNED_FOR_IPHONE_IPAD = NO;
				SUPPORTS_XR_DESIGNED_FOR_IPHONE_IPAD = NO;
				SWIFT_APPROACHABLE_CONCURRENCY = YES;
				SWIFT_DEFAULT_ACTOR_ISOLATION = MainActor;
				SWIFT_EMIT_LOC_STRINGS = YES;
				SWIFT_UPCOMING_FEATURE_MEMBER_IMPORT_VISIBILITY = YES;
				SWIFT_VERSION = 5.0;
				TARGETED_DEVICE_FAMILY = "1,2";
			};
			name = Release;
		};
		F1A0A4ED0CC9EBBD4502B880 /* Release */ = {
			isa = XCBuildConfiguration;
			buildSettings = {
				BUNDLE_LOADER = "$(TEST_HOST)";
				CLANG_ENABLE_OBJC_WEAK = NO;
				CODE_SIGN_STYLE = Automatic;
				GENERATE_INFOPLIST_FILE = YES;
				IPHONEOS_DEPLOYMENT_TARGET = 26.0;
				PRODUCT_BUNDLE_IDENTIFIER = com.adriancastanedadev.PokedexTests;
				PRODUCT_NAME = "$(TARGET_NAME)";
				SDKROOT = iphoneos;
				SWIFT_EMIT_LOC_STRINGS = NO;
				SWIFT_VERSION = 5.0;
				TARGETED_DEVICE_FAMILY = "1,2";
				TEST_HOST = "$(BUILT_PRODUCTS_DIR)/Pokedex.app/$(BUNDLE_EXECUTABLE_FOLDER_PATH)/Pokedex";
				VALIDATE_PRODUCT = YES;
			};
			name = Release;
		};
/* End XCBuildConfiguration section */

/* Begin XCConfigurationList section */
		3A4057732FF5B7DB00E092E0 /* Build configuration list for PBXProject "Pokedex" */ = {
			isa = XCConfigurationList;
			buildConfigurations = (
				3A4057812FF5B7DD00E092E0 /* Debug */,
				3A4057822FF5B7DD00E092E0 /* Release */,
			);
			defaultConfigurationIsVisible = 0;
			defaultConfigurationName = Release;
		};
		3A4057832FF5B7DD00E092E0 /* Build configuration list for PBXNativeTarget "Pokedex" */ = {
			isa = XCConfigurationList;
			buildConfigurations = (
				3A4057842FF5B7DD00E092E0 /* Debug */,
				3A4057852FF5B7DD00E092E0 /* Release */,
			);
			defaultConfigurationIsVisible = 0;
			defaultConfigurationName = Release;
		};
		E5C982C56A0E7EE20FD3D231 /* Build configuration list for PBXNativeTarget "PokedexTests" */ = {
			isa = XCConfigurationList;
			buildConfigurations = (
				F1A0A4ED0CC9EBBD4502B880 /* Release */,
				36038B88ECEBB8A9C7715204 /* Debug */,
			);
			defaultConfigurationIsVisible = 0;
			defaultConfigurationName = Release;
		};
/* End XCConfigurationList section */
	};
	rootObject = 3A4057702FF5B7DB00E092E0 /* Project object */;
}
